
Microsoft Visual Studio Solution File, Format Version 12.00
# Visual Studio 15
VisualStudioVersion = 15.0.26730.3
MinimumVisualStudioVersion = 10.0.40219.1
Project("{9A19103F-16F7-4668-BE54-9A1E7A4F7556}") = "WebApplicationTemplate", "WebApplicationTemplate\WebApplicationTemplate.csproj", "{8CFF31EC-A1D4-4307-A60F-AA0B767B354E}"
EndProject
Project("{9A19103F-16F7-4668-BE54-9A1E7A4F7556}") = "WebApplicationMVCTemplate", "WebApplicationMVCTemplate\WebApplicationMVCTemplate.csproj", "{754EE2C6-E712-4144-9690-7F3CF7A0645B}"
EndProject
Project("{9A19103F-16F7-4668-BE54-9A1E7A4F7556}") = "MVCBasic", "MVCBasic\MVCBasic.csproj", "{2A7BB23F-03A1-416A-9C23-33D71D2DD9C6}"
EndProject
Project("{FAE04EC0-301F-11D3-BF4B-00C04F79EFBC}") = "StaticWebTemplate", "StaticWebTemplate\StaticWebTemplate.csproj", "{C3205FC1-6750-4005-9B9A-300F4B2E6D46}"
EndProject
Project("{FAE04EC0-301F-11D3-BF4B-00C04F79EFBC}") = "MvcHighPerformanceTemplate", "MvcHighPerformanceTemplate\MvcHighPerformanceTemplate.csproj", "{05E15F9B-C3CE-479F-BE64-313E7B288AA1}"
EndProject
Global
	GlobalSection(SolutionConfigurationPlatforms) = preSolution
		Debug|Any CPU = Debug|Any CPU
		Release|Any CPU = Release|Any CPU
	EndGlobalSection
	GlobalSection(ProjectConfigurationPlatforms) = postSolution
		{8CFF31EC-A1D4-4307-A60F-AA0B767B354E}.Debug|Any CPU.ActiveCfg = Debug|Any CPU
		{8CFF31EC-A1D4-4307-A60F-AA0B767B354E}.Debug|Any CPU.Build.0 = Debug|Any CPU
		{8CFF31EC-A1D4-4307-A60F-AA0B767B354E}.Release|Any CPU.ActiveCfg = Release|Any CPU
		{8CFF31EC-A1D4-4307-A60F-AA0B767B354E}.Release|Any CPU.Build.0 = Release|Any CPU
		{754EE2C6-E712-4144-9690-7F3CF7A0645B}.Debug|Any CPU.ActiveCfg = Debug|Any CPU
		{754EE2C6-E712-4144-9690-7F3CF7A0645B}.Debug|Any CPU.Build.0 = Debug|Any CPU
		{754EE2C6-E712-4144-9690-7F3CF7A0645B}.Release|Any CPU.ActiveCfg = Release|Any CPU
		{754EE2C6-E712-4144-9690-7F3CF7A0645B}.Release|Any CPU.Build.0 = Release|Any CPU
		{2A7BB23F-03A1-416A-9C23-33D71D2DD9C6}.Debug|Any CPU.ActiveCfg = Debug|Any CPU
		{2A7BB23F-03A1-416A-9C23-33D71D2DD9C6}.Debug|Any CPU.Build.0 = Debug|Any CPU
		{2A7BB23F-03A1-416A-9C23-33D71D2DD9C6}.Release|Any CPU.ActiveCfg = Release|Any CPU
		{2A7BB23F-03A1-416A-9C23-33D71D2DD9C6}.Release|Any CPU.Build.0 = Release|Any CPU
		{C3205FC1-6750-4005-9B9A-300F4B2E6D46}.Debug|Any CPU.ActiveCfg = Debug|Any CPU
		{C3205FC1-6750-4005-9B9A-300F4B2E6D46}.Debug|Any CPU.Build.0 = Debug|Any CPU
		{C3205FC1-6750-4005-9B9A-300F4B2E6D46}.Release|Any CPU.ActiveCfg = Release|Any CPU
		{C3205FC1-6750-4005-9B9A-300F4B2E6D46}.Release|Any CPU.Build.0 = Release|Any CPU
		{05E15F9B-C3CE-479F-BE64-313E7B288AA1}.Debug|Any CPU.ActiveCfg = Debug|Any CPU
		{05E15F9B-C3CE-479F-BE64-313E7B288AA1}.Debug|Any CPU.Build.0 = Debug|Any CPU
		{05E15F9B-C3CE-479F-BE64-313E7B288AA1}.Release|Any CPU.ActiveCfg = Release|Any CPU
		{05E15F9B-C3CE-479F-BE64-313E7B288AA1}.Release|Any CPU.Build.0 = Release|Any CPU
	EndGlobalSection
	GlobalSection(SolutionProperties) = preSolution
		HideSolutionNode = FALSE
	EndGlobalSection
	GlobalSection(ExtensibilityGlobals) = postSolution
		SolutionGuid = {B545DA6B-43B2-4C28-B0C3-15CF770161AE}
	EndGlobalSection
EndGlobal
